// !$*UTF8*$!
{
  archiveVersion = 1;
  classes = {
  };
  objectVersion = 56;
  objects = {

/* Begin PBXBuildFile section */
    A10000000000000000000001 /* App.swift in Sources */ = {isa = PBXBuildFile; fileRef = A10000000000000000000002 /* App.swift */; };
/* End PBXBuildFile section */

/* Begin PBXFileReference section */
    A10000000000000000000002 /* App.swift */ = {isa = PBXFileReference; lastKnownFileType = sourcecode.swift; path = App.swift; sourceTree = "<group>"; };
    A10000000000000000000003 /* ctld-provisioning.entitlements */ = {isa = PBXFileReference; lastKnownFileType = text.plist.entitlements; path = "ctld-provisioning.entitlements"; sourceTree = "<group>"; };
    A10000000000000000000004 /* ctld-provisioning.app */ = {isa = PBXFileReference; explicitFileType = wrapper.application; includeInIndex = 0; path = "ctld-provisioning.app"; sourceTree = BUILT_PRODUCTS_DIR; };
/* End PBXFileReference section */

/* Begin PBXFrameworksBuildPhase section */
    A10000000000000000000005 /* Frameworks */ = {
      isa = PBXFrameworksBuildPhase;
      buildActionMask = 2147483647;
      files = (
      );
      runOnlyForDeploymentPostprocessing = 0;
    };
/* End PBXFrameworksBuildPhase section */

/* Begin PBXGroup section */
    A10000000000000000000006 = {
      isa = PBXGroup;
      children = (
        A10000000000000000000007 /* ctld-provisioning */,
        A10000000000000000000008 /* Products */,
      );
      sourceTree = "<group>";
    };
    A10000000000000000000007 /* ctld-provisioning */ = {
      isa = PBXGroup;
      children = (
        A10000000000000000000002 /* App.swift */,
        A10000000000000000000003 /* ctld-provisioning.entitlements */,
      );
      path = "ctld-provisioning";
      sourceTree = "<group>";
    };
    A10000000000000000000008 /* Products */ = {
      isa = PBXGroup;
      children = (
        A10000000000000000000004 /* ctld-provisioning.app */,
      );
      name = Products;
      sourceTree = "<group>";
    };
/* End PBXGroup section */

/* Begin PBXNativeTarget section */
    A10000000000000000000009 /* ctld-provisioning */ = {
      isa = PBXNativeTarget;
      buildConfigurationList = A1000000000000000000000A /* Build configuration list for PBXNativeTarget "ctld-provisioning" */;
      buildPhases = (
        A1000000000000000000000B /* Sources */,
        A10000000000000000000005 /* Frameworks */,
        A1000000000000000000000C /* Resources */,
      );
      buildRules = (
      );
      dependencies = (
      );
      name = "ctld-provisioning";
      productName = "ctld-provisioning";
      productReference = A10000000000000000000004 /* ctld-provisioning.app */;
      productType = "com.apple.product-type.application";
    };
/* End PBXNativeTarget section */

/* Begin PBXProject section */
    A1000000000000000000000D /* Project object */ = {
      isa = PBXProject;
      attributes = {
        BuildIndependentTargetsInParallel = 1;
        LastSwiftUpdateCheck = 1630;
        LastUpgradeCheck = 1630;
        TargetAttributes = {
          A10000000000000000000009 = {
            CreatedOnToolsVersion = 16.3;
          };
        };
      };
      buildConfigurationList = A1000000000000000000000E /* Build configuration list for PBXProject "ctld-provisioning" */;
      compatibilityVersion = "Xcode 14.0";
      developmentRegion = en;
      hasScannedForEncodings = 0;
      knownRegions = (
        en,
        Base,
      );
      mainGroup = A10000000000000000000006;
      productRefGroup = A10000000000000000000008 /* Products */;
      projectDirPath = "";
      projectRoot = "";
      targets = (
        A10000000000000000000009 /* ctld-provisioning */,
      );
    };
/* End PBXProject section */

/* Begin PBXResourcesBuildPhase section */
    A1000000000000000000000C /* Resources */ = {
      isa = PBXResourcesBuildPhase;
      buildActionMask = 2147483647;
      files = (
      );
      runOnlyForDeploymentPostprocessing = 0;
    };
/* End PBXResourcesBuildPhase section */

/* Begin PBXSourcesBuildPhase section */
    A1000000000000000000000B /* Sources */ = {
      isa = PBXSourcesBuildPhase;
      buildActionMask = 2147483647;
      files = (
        A10000000000000000000001 /* App.swift in Sources */,
      );
      runOnlyForDeploymentPostprocessing = 0;
    };
/* End PBXSourcesBuildPhase section */

/* Begin XCBuildConfiguration section */
    A1000000000000000000000F /* Debug */ = {
      isa = XCBuildConfiguration;
      buildSettings = {
        ALWAYS_SEARCH_USER_PATHS = NO;
        MACOSX_DEPLOYMENT_TARGET = 13.0;
        SDKROOT = macosx;
        SWIFT_ACTIVE_COMPILATION_CONDITIONS = DEBUG;
        SWIFT_OPTIMIZATION_LEVEL = "-Onone";
      };
      name = Debug;
    };
    A10000000000000000000010 /* Release */ = {
      isa = XCBuildConfiguration;
      buildSettings = {
        ALWAYS_SEARCH_USER_PATHS = NO;
        MACOSX_DEPLOYMENT_TARGET = 13.0;
        SDKROOT = macosx;
      };
      name = Release;
    };
    A10000000000000000000011 /* Debug */ = {
      isa = XCBuildConfiguration;
      buildSettings = {
        CODE_SIGN_ENTITLEMENTS = "ctld-provisioning/ctld-provisioning.entitlements";
        CODE_SIGN_STYLE = Automatic;
        CURRENT_PROJECT_VERSION = 1;
        DEVELOPMENT_TEAM = "";
        ENABLE_HARDENED_RUNTIME = YES;
        GENERATE_INFOPLIST_FILE = YES;
        INFOPLIST_KEY_LSUIElement = YES;
        LD_RUNPATH_SEARCH_PATHS = (
          "$(inherited)",
          "@executable_path/../Frameworks",
        );
        MARKETING_VERSION = 1.0;
        PRODUCT_BUNDLE_IDENTIFIER = io.rmux.desktop.ctld;
        PRODUCT_NAME = "$(TARGET_NAME)";
        SWIFT_EMIT_LOC_STRINGS = YES;
        SWIFT_VERSION = 5.0;
      };
      name = Debug;
    };
    A10000000000000000000012 /* Release */ = {
      isa = XCBuildConfiguration;
      buildSettings = {
        CODE_SIGN_ENTITLEMENTS = "ctld-provisioning/ctld-provisioning.entitlements";
        CODE_SIGN_STYLE = Automatic;
        CURRENT_PROJECT_VERSION = 1;
        DEVELOPMENT_TEAM = "";
        ENABLE_HARDENED_RUNTIME = YES;
        GENERATE_INFOPLIST_FILE = YES;
        INFOPLIST_KEY_LSUIElement = YES;
        LD_RUNPATH_SEARCH_PATHS = (
          "$(inherited)",
          "@executable_path/../Frameworks",
        );
        MARKETING_VERSION = 1.0;
        PRODUCT_BUNDLE_IDENTIFIER = io.rmux.desktop.ctld;
        PRODUCT_NAME = "$(TARGET_NAME)";
        SWIFT_EMIT_LOC_STRINGS = YES;
        SWIFT_VERSION = 5.0;
      };
      name = Release;
    };
/* End XCBuildConfiguration section */

/* Begin XCConfigurationList section */
    A1000000000000000000000A /* Build configuration list for PBXNativeTarget "ctld-provisioning" */ = {
      isa = XCConfigurationList;
      buildConfigurations = (
        A10000000000000000000011 /* Debug */,
        A10000000000000000000012 /* Release */,
      );
      defaultConfigurationIsVisible = 0;
      defaultConfigurationName = Release;
    };
    A1000000000000000000000E /* Build configuration list for PBXProject "ctld-provisioning" */ = {
      isa = XCConfigurationList;
      buildConfigurations = (
        A1000000000000000000000F /* Debug */,
        A10000000000000000000010 /* Release */,
      );
      defaultConfigurationIsVisible = 0;
      defaultConfigurationName = Release;
    };
/* End XCConfigurationList section */
  };
  rootObject = A1000000000000000000000D /* Project object */;
}
